
Microsoft Visual Studio Solution File, Format Version 12.00
# Visual Studio Version 17
VisualStudioVersion = 17.0.31903.59
MinimumVisualStudioVersion = 10.0.40219.1
Project("{2150E333-8FDC-42A3-9474-1A3956D46DE8}") = "src", "src", "{827E0CD3-B72D-47B6-A68D-7590B98EB39B}"
EndProject
Project("{FAE04EC0-301F-11D3-BF4B-00C04F79EFBC}") = "FunBooksAndVideos.Domain", "src\FunBooksAndVideos.Domain\FunBooksAndVideos.Domain.csproj", "{4941C75C-62C4-4294-872A-0C4CC95ACCF8}"
EndProject
Project("{FAE04EC0-301F-11D3-BF4B-00C04F79EFBC}") = "FunBooksAndVideos.Application", "src\FunBooksAndVideos.Application\FunBooksAndVideos.Application.csproj", "{5A280D94-0B74-48E1-A971-2F707C1A8C73}"
EndProject
Project("{FAE04EC0-301F-11D3-BF4B-00C04F79EFBC}") = "FunBooksAndVideos.Infrastructure", "src\FunBooksAndVideos.Infrastructure\FunBooksAndVideos.Infrastructure.csproj", "{91ADDDB7-D34B-4E92-A379-E02ABF855B3B}"
EndProject
Project("{FAE04EC0-301F-11D3-BF4B-00C04F79EFBC}") = "FunBooksAndVideos.Api", "src\FunBooksAndVideos.Api\FunBooksAndVideos.Api.csproj", "{508663BE-5DEC-414F-895A-78F654E10318}"
EndProject
Project("{2150E333-8FDC-42A3-9474-1A3956D46DE8}") = "tests", "tests", "{0AB3BF05-4346-4AA6-1389-037BE0695223}"
EndProject
Project("{FAE04EC0-301F-11D3-BF4B-00C04F79EFBC}") = "FunBooksAndVideos.TestKit", "tests\FunBooksAndVideos.TestKit\FunBooksAndVideos.TestKit.csproj", "{C10ED1A8-1F5E-4B62-BDFD-BC1AB6A59EA4}"
EndProject
Project("{FAE04EC0-301F-11D3-BF4B-00C04F79EFBC}") = "FunBooksAndVideos.Domain.Tests", "tests\FunBooksAndVideos.Domain.Tests\FunBooksAndVideos.Domain.Tests.csproj", "{D9C620CC-3319-4D36-A2EC-D70501AC27DD}"
EndProject
Project("{FAE04EC0-301F-11D3-BF4B-00C04F79EFBC}") = "FunBooksAndVideos.Application.Tests", "tests\FunBooksAndVideos.Application.Tests\FunBooksAndVideos.Application.Tests.csproj", "{73CEA012-4077-477E-8548-201F7D4630D7}"
EndProject
Project("{FAE04EC0-301F-11D3-BF4B-00C04F79EFBC}") = "FunBooksAndVideos.Infrastructure.Tests", "tests\FunBooksAndVideos.Infrastructure.Tests\FunBooksAndVideos.Infrastructure.Tests.csproj", "{A9B06732-38BA-45DD-9A4D-BD768E2AA54C}"
EndProject
Project("{FAE04EC0-301F-11D3-BF4B-00C04F79EFBC}") = "FunBooksAndVideos.Api.Tests", "tests\FunBooksAndVideos.Api.Tests\FunBooksAndVideos.Api.Tests.csproj", "{E5291FDE-75AF-40B8-837C-3034FF5562BE}"
EndProject
Global
	GlobalSection(SolutionConfigurationPlatforms) = preSolution
		Debug|Any CPU = Debug|Any CPU
		Debug|x64 = Debug|x64
		Debug|x86 = Debug|x86
		Release|Any CPU = Release|Any CPU
		Release|x64 = Release|x64
		Release|x86 = Release|x86
	EndGlobalSection
	GlobalSection(ProjectConfigurationPlatforms) = postSolution
		{4941C75C-62C4-4294-872A-0C4CC95ACCF8}.Debug|Any CPU.ActiveCfg = Debug|Any CPU
		{4941C75C-62C4-4294-872A-0C4CC95ACCF8}.Debug|Any CPU.Build.0 = Debug|Any CPU
		{4941C75C-62C4-4294-872A-0C4CC95ACCF8}.Debug|x64.ActiveCfg = Debug|Any CPU
		{4941C75C-62C4-4294-872A-0C4CC95ACCF8}.Debug|x64.Build.0 = Debug|Any CPU
		{4941C75C-62C4-4294-872A-0C4CC95ACCF8}.Debug|x86.ActiveCfg = Debug|Any CPU
		{4941C75C-62C4-4294-872A-0C4CC95ACCF8}.Debug|x86.Build.0 = Debug|Any CPU
		{4941C75C-62C4-4294-872A-0C4CC95ACCF8}.Release|Any CPU.ActiveCfg = Release|Any CPU
		{4941C75C-62C4-4294-872A-0C4CC95ACCF8}.Release|Any CPU.Build.0 = Release|Any CPU
		{4941C75C-62C4-4294-872A-0C4CC95ACCF8}.Release|x64.ActiveCfg = Release|Any CPU
		{4941C75C-62C4-4294-872A-0C4CC95ACCF8}.Release|x64.Build.0 = Release|Any CPU
		{4941C75C-62C4-4294-872A-0C4CC95ACCF8}.Release|x86.ActiveCfg = Release|Any CPU
		{4941C75C-62C4-4294-872A-0C4CC95ACCF8}.Release|x86.Build.0 = Release|Any CPU
		{5A280D94-0B74-48E1-A971-2F707C1A8C73}.Debug|Any CPU.ActiveCfg = Debug|Any CPU
		{5A280D94-0B74-48E1-A971-2F707C1A8C73}.Debug|Any CPU.Build.0 = Debug|Any CPU
		{5A280D94-0B74-48E1-A971-2F707C1A8C73}.Debug|x64.ActiveCfg = Debug|Any CPU
		{5A280D94-0B74-48E1-A971-2F707C1A8C73}.Debug|x64.Build.0 = Debug|Any CPU
		{5A280D94-0B74-48E1-A971-2F707C1A8C73}.Debug|x86.ActiveCfg = Debug|Any CPU
		{5A280D94-0B74-48E1-A971-2F707C1A8C73}.Debug|x86.Build.0 = Debug|Any CPU
		{5A280D94-0B74-48E1-A971-2F707C1A8C73}.Release|Any CPU.ActiveCfg = Release|Any CPU
		{5A280D94-0B74-48E1-A971-2F707C1A8C73}.Release|Any CPU.Build.0 = Release|Any CPU
		{5A280D94-0B74-48E1-A971-2F707C1A8C73}.Release|x64.ActiveCfg = Release|Any CPU
		{5A280D94-0B74-48E1-A971-2F707C1A8C73}.Release|x64.Build.0 = Release|Any CPU
		{5A280D94-0B74-48E1-A971-2F707C1A8C73}.Release|x86.ActiveCfg = Release|Any CPU
		{5A280D94-0B74-48E1-A971-2F707C1A8C73}.Release|x86.Build.0 = Release|Any CPU
		{91ADDDB7-D34B-4E92-A379-E02ABF855B3B}.Debug|Any CPU.ActiveCfg = Debug|Any CPU
		{91ADDDB7-D34B-4E92-A379-E02ABF855B3B}.Debug|Any CPU.Build.0 = Debug|Any CPU
		{91ADDDB7-D34B-4E92-A379-E02ABF855B3B}.Debug|x64.ActiveCfg = Debug|Any CPU
		{91ADDDB7-D34B-4E92-A379-E02ABF855B3B}.Debug|x64.Build.0 = Debug|Any CPU
		{91ADDDB7-D34B-4E92-A379-E02ABF855B3B}.Debug|x86.ActiveCfg = Debug|Any CPU
		{91ADDDB7-D34B-4E92-A379-E02ABF855B3B}.Debug|x86.Build.0 = Debug|Any CPU
		{91ADDDB7-D34B-4E92-A379-E02ABF855B3B}.Release|Any CPU.ActiveCfg = Release|Any CPU
		{91ADDDB7-D34B-4E92-A379-E02ABF855B3B}.Release|Any CPU.Build.0 = Release|Any CPU
		{91ADDDB7-D34B-4E92-A379-E02ABF855B3B}.Release|x64.ActiveCfg = Release|Any CPU
		{91ADDDB7-D34B-4E92-A379-E02ABF855B3B}.Release|x64.Build.0 = Release|Any CPU
		{91ADDDB7-D34B-4E92-A379-E02ABF855B3B}.Release|x86.ActiveCfg = Release|Any CPU
		{91ADDDB7-D34B-4E92-A379-E02ABF855B3B}.Release|x86.Build.0 = Release|Any CPU
		{508663BE-5DEC-414F-895A-78F654E10318}.Debug|Any CPU.ActiveCfg = Debug|Any CPU
		{508663BE-5DEC-414F-895A-78F654E10318}.Debug|Any CPU.Build.0 = Debug|Any CPU
		{508663BE-5DEC-414F-895A-78F654E10318}.Debug|x64.ActiveCfg = Debug|Any CPU
		{508663BE-5DEC-414F-895A-78F654E10318}.Debug|x64.Build.0 = Debug|Any CPU
		{508663BE-5DEC-414F-895A-78F654E10318}.Debug|x86.ActiveCfg = Debug|Any CPU
		{508663BE-5DEC-414F-895A-78F654E10318}.Debug|x86.Build.0 = Debug|Any CPU
		{508663BE-5DEC-414F-895A-78F654E10318}.Release|Any CPU.ActiveCfg = Release|Any CPU
		{508663BE-5DEC-414F-895A-78F654E10318}.Release|Any CPU.Build.0 = Release|Any CPU
		{508663BE-5DEC-414F-895A-78F654E10318}.Release|x64.ActiveCfg = Release|Any CPU
		{508663BE-5DEC-414F-895A-78F654E10318}.Release|x64.Build.0 = Release|Any CPU
		{508663BE-5DEC-414F-895A-78F654E10318}.Release|x86.ActiveCfg = Release|Any CPU
		{508663BE-5DEC-414F-895A-78F654E10318}.Release|x86.Build.0 = Release|Any CPU
		{C10ED1A8-1F5E-4B62-BDFD-BC1AB6A59EA4}.Debug|Any CPU.ActiveCfg = Debug|Any CPU
		{C10ED1A8-1F5E-4B62-BDFD-BC1AB6A59EA4}.Debug|Any CPU.Build.0 = Debug|Any CPU
		{C10ED1A8-1F5E-4B62-BDFD-BC1AB6A59EA4}.Debug|x64.ActiveCfg = Debug|Any CPU
		{C10ED1A8-1F5E-4B62-BDFD-BC1AB6A59EA4}.Debug|x64.Build.0 = Debug|Any CPU
		{C10ED1A8-1F5E-4B62-BDFD-BC1AB6A59EA4}.Debug|x86.ActiveCfg = Debug|Any CPU
		{C10ED1A8-1F5E-4B62-BDFD-BC1AB6A59EA4}.Debug|x86.Build.0 = Debug|Any CPU
		{C10ED1A8-1F5E-4B62-BDFD-BC1AB6A59EA4}.Release|Any CPU.ActiveCfg = Release|Any CPU
		{C10ED1A8-1F5E-4B62-BDFD-BC1AB6A59EA4}.Release|Any CPU.Build.0 = Release|Any CPU
		{C10ED1A8-1F5E-4B62-BDFD-BC1AB6A59EA4}.Release|x64.ActiveCfg = Release|Any CPU
		{C10ED1A8-1F5E-4B62-BDFD-BC1AB6A59EA4}.Release|x64.Build.0 = Release|Any CPU
		{C10ED1A8-1F5E-4B62-BDFD-BC1AB6A59EA4}.Release|x86.ActiveCfg = Release|Any CPU
		{C10ED1A8-1F5E-4B62-BDFD-BC1AB6A59EA4}.Release|x86.Build.0 = Release|Any CPU
		{D9C620CC-3319-4D36-A2EC-D70501AC27DD}.Debug|Any CPU.ActiveCfg = Debug|Any CPU
		{D9C620CC-3319-4D36-A2EC-D70501AC27DD}.Debug|Any CPU.Build.0 = Debug|Any CPU
		{D9C620CC-3319-4D36-A2EC-D70501AC27DD}.Debug|x64.ActiveCfg = Debug|Any CPU
		{D9C620CC-3319-4D36-A2EC-D70501AC27DD}.Debug|x64.Build.0 = Debug|Any CPU
		{D9C620CC-3319-4D36-A2EC-D70501AC27DD}.Debug|x86.ActiveCfg = Debug|Any CPU
		{D9C620CC-3319-4D36-A2EC-D70501AC27DD}.Debug|x86.Build.0 = Debug|Any CPU
		{D9C620CC-3319-4D36-A2EC-D70501AC27DD}.Release|Any CPU.ActiveCfg = Release|Any CPU
		{D9C620CC-3319-4D36-A2EC-D70501AC27DD}.Release|Any CPU.Build.0 = Release|Any CPU
		{D9C620CC-3319-4D36-A2EC-D70501AC27DD}.Release|x64.ActiveCfg = Release|Any CPU
		{D9C620CC-3319-4D36-A2EC-D70501AC27DD}.Release|x64.Build.0 = Release|Any CPU
		{D9C620CC-3319-4D36-A2EC-D70501AC27DD}.Release|x86.ActiveCfg = Release|Any CPU
		{D9C620CC-3319-4D36-A2EC-D70501AC27DD}.Release|x86.Build.0 = Release|Any CPU
		{73CEA012-4077-477E-8548-201F7D4630D7}.Debug|Any CPU.ActiveCfg = Debug|Any CPU
		{73CEA012-4077-477E-8548-201F7D4630D7}.Debug|Any CPU.Build.0 = Debug|Any CPU
		{73CEA012-4077-477E-8548-201F7D4630D7}.Debug|x64.ActiveCfg = Debug|Any CPU
		{73CEA012-4077-477E-8548-201F7D4630D7}.Debug|x64.Build.0 = Debug|Any CPU
		{73CEA012-4077-477E-8548-201F7D4630D7}.Debug|x86.ActiveCfg = Debug|Any CPU
		{73CEA012-4077-477E-8548-201F7D4630D7}.Debug|x86.Build.0 = Debug|Any CPU
		{73CEA012-4077-477E-8548-201F7D4630D7}.Release|Any CPU.ActiveCfg = Release|Any CPU
		{73CEA012-4077-477E-8548-201F7D4630D7}.Release|Any CPU.Build.0 = Release|Any CPU
		{73CEA012-4077-477E-8548-201F7D4630D7}.Release|x64.ActiveCfg = Release|Any CPU
		{73CEA012-4077-477E-8548-201F7D4630D7}.Release|x64.Build.0 = Release|Any CPU
		{73CEA012-4077-477E-8548-201F7D4630D7}.Release|x86.ActiveCfg = Release|Any CPU
		{73CEA012-4077-477E-8548-201F7D4630D7}.Release|x86.Build.0 = Release|Any CPU
		{A9B06732-38BA-45DD-9A4D-BD768E2AA54C}.Debug|Any CPU.ActiveCfg = Debug|Any CPU
		{A9B06732-38BA-45DD-9A4D-BD768E2AA54C}.Debug|Any CPU.Build.0 = Debug|Any CPU
		{A9B06732-38BA-45DD-9A4D-BD768E2AA54C}.Debug|x64.ActiveCfg = Debug|Any CPU
		{A9B06732-38BA-45DD-9A4D-BD768E2AA54C}.Debug|x64.Build.0 = Debug|Any CPU
		{A9B06732-38BA-45DD-9A4D-BD768E2AA54C}.Debug|x86.ActiveCfg = Debug|Any CPU
		{A9B06732-38BA-45DD-9A4D-BD768E2AA54C}.Debug|x86.Build.0 = Debug|Any CPU
		{A9B06732-38BA-45DD-9A4D-BD768E2AA54C}.Release|Any CPU.ActiveCfg = Release|Any CPU
		{A9B06732-38BA-45DD-9A4D-BD768E2AA54C}.Release|Any CPU.Build.0 = Release|Any CPU
		{A9B06732-38BA-45DD-9A4D-BD768E2AA54C}.Release|x64.ActiveCfg = Release|Any CPU
		{A9B06732-38BA-45DD-9A4D-BD768E2AA54C}.Release|x64.Build.0 = Release|Any CPU
		{A9B06732-38BA-45DD-9A4D-BD768E2AA54C}.Release|x86.ActiveCfg = Release|Any CPU
		{A9B06732-38BA-45DD-9A4D-BD768E2AA54C}.Release|x86.Build.0 = Release|Any CPU
		{E5291FDE-75AF-40B8-837C-3034FF5562BE}.Debug|Any CPU.ActiveCfg = Debug|Any CPU
		{E5291FDE-75AF-40B8-837C-3034FF5562BE}.Debug|Any CPU.Build.0 = Debug|Any CPU
		{E5291FDE-75AF-40B8-837C-3034FF5562BE}.Debug|x64.ActiveCfg = Debug|Any CPU
		{E5291FDE-75AF-40B8-837C-3034FF5562BE}.Debug|x64.Build.0 = Debug|Any CPU
		{E5291FDE-75AF-40B8-837C-3034FF5562BE}.Debug|x86.ActiveCfg = Debug|Any CPU
		{E5291FDE-75AF-40B8-837C-3034FF5562BE}.Debug|x86.Build.0 = Debug|Any CPU
		{E5291FDE-75AF-40B8-837C-3034FF5562BE}.Release|Any CPU.ActiveCfg = Release|Any CPU
		{E5291FDE-75AF-40B8-837C-3034FF5562BE}.Release|Any CPU.Build.0 = Release|Any CPU
		{E5291FDE-75AF-40B8-837C-3034FF5562BE}.Release|x64.ActiveCfg = Release|Any CPU
		{E5291FDE-75AF-40B8-837C-3034FF5562BE}.Release|x64.Build.0 = Release|Any CPU
		{E5291FDE-75AF-40B8-837C-3034FF5562BE}.Release|x86.ActiveCfg = Release|Any CPU
		{E5291FDE-75AF-40B8-837C-3034FF5562BE}.Release|x86.Build.0 = Release|Any CPU
	EndGlobalSection
	GlobalSection(SolutionProperties) = preSolution
		HideSolutionNode = FALSE
	EndGlobalSection
	GlobalSection(NestedProjects) = preSolution
		{4941C75C-62C4-4294-872A-0C4CC95ACCF8} = {827E0CD3-B72D-47B6-A68D-7590B98EB39B}
		{5A280D94-0B74-48E1-A971-2F707C1A8C73} = {827E0CD3-B72D-47B6-A68D-7590B98EB39B}
		{91ADDDB7-D34B-4E92-A379-E02ABF855B3B} = {827E0CD3-B72D-47B6-A68D-7590B98EB39B}
		{508663BE-5DEC-414F-895A-78F654E10318} = {827E0CD3-B72D-47B6-A68D-7590B98EB39B}
		{C10ED1A8-1F5E-4B62-BDFD-BC1AB6A59EA4} = {0AB3BF05-4346-4AA6-1389-037BE0695223}
		{D9C620CC-3319-4D36-A2EC-D70501AC27DD} = {0AB3BF05-4346-4AA6-1389-037BE0695223}
		{73CEA012-4077-477E-8548-201F7D4630D7} = {0AB3BF05-4346-4AA6-1389-037BE0695223}
		{A9B06732-38BA-45DD-9A4D-BD768E2AA54C} = {0AB3BF05-4346-4AA6-1389-037BE0695223}
		{E5291FDE-75AF-40B8-837C-3034FF5562BE} = {0AB3BF05-4346-4AA6-1389-037BE0695223}
	EndGlobalSection
EndGlobal
